{
  "name": "web3-redux",
  "version": "0.5.0",
  "lockfileVersion": 1,
  "dependencies": {
"acorn": {
      "version": "5.0.3",
"resolved": "https://registry.npmjs.org/acorn/-/acorn-5.0.3.tgz",
      "integrity": "sha1-xGDfCEkUY/AozLguqzcwvwEIez0=",
      "dev": true
    },
    "acorn-jsx": {
      "version": "3.0.1",
      "resolved": "https://registry.npmjs.org/acorn-jsx/-/acorn-jsx-3.0.1.tgz",
      "integrity": "sha1-r9+UiPsezvyDSPb7IvRk4ypYs2s=",
      "dev": true,
    },
    "acorn-jsx": {
      "version": "3.0.1",
      "resolved": "https://registry.npmjs.org/acorn-jsx/-/acorn-jsx-3.0.1.tgz",
      "integrity": "sha1-r9+UiPsezvyDSPb7IvRk4ypYs2s=",
      "dev": true,
      "dependencies": {
        "acorn": {
          "version": "3.3.0",
          "resolved": "https://registry.npmjs.org/acorn/-/acorn-3.3.0.tgz",
          "integrity": "sha1-ReN/s56No/JbruP/U2niu18iAXo=",
          "dev": true
        }
      }
    },
    "ansi-regex": {
      "version": "2.1.1",
      "resolved": "https://registry.npmjs.org/ansi-regex/-/ansi-regex-2.1.1.tgz",
      "integrity": "sha1-w7M6te42DYbg5ijwRorn7yfWVN8=",
      "dev": true
    },
    "ansi-styles": {
      "version": "2.2.1",
      "resolved": "https://registry.npmjs.org/ansi-styles/-/ansi-styles-2.2.1.tgz",
      "integrity": "sha1-tDLdM1i2NM914eRmQ2gkBTPB3b4=",
      "dev": true
    },
    "argparse": {
      "version": "1.0.9",
      "resolved": "https://registry.npmjs.org/argparse/-/argparse-1.0.9.tgz",
      "integrity": "sha1-c9g7wmP4bpf4zE9rrhsOkKfSLIY=",
      "dev": true
    },
    },
    "aria-query": {
      "version": "0.5.0",
      "resolved": "https://registry.npmjs.org/aria-query/-/aria-query-0.5.0.tgz",
      "integrity": "sha1-heMVLNjMW6sY2+1hzZxPzlT6ecM=",
      "dev": true
    },
    "arr-diff": {
      "version": "2.0.0",
      "resolved": "https://registry.npmjs.org/arr-diff/-/arr-diff-2.0.0.tgz",
      "integrity": "sha1-jzuCf5Vai9ZpaX5KQlasPOrjVs8=",
      "dev": true
    },
    "arr-flatten": {
      "version": "1.0.3",
      "resolved": "https://registry.npmjs.org/arr-flatten/-/arr-flatten-1.0.3.tgz",
      "integrity": "sha1-onTthawIhJtr14R8RYB0XcUa37E=",
      "dev": true
    },
    "array-includes": {
      "version": "3.0.3",
      "resolved": "https://registry.npmjs.org/array-includes/-/array-includes-3.0.3.tgz",
      "integrity": "sha1-GEtI9i2S10UrsxsyMWXH+L0CJm0=",
      "dev": true
    },
    "array-union": {
      "version": "1.0.2",
      "resolved": "https://registry.npmjs.org/array-union/-/array-union-1.0.2.tgz",
      "integrity": "sha1-mjRBDk9OPaI96jdb5b5w8kd47Dk=",
      "dev": true
    },
    },
    "array-uniq": {
      "version": "1.0.3",
      "resolved": "https://registry.npmjs.org/array-uniq/-/array-uniq-1.0.3.tgz",
      "integrity": "sha1-r2rId6Jcx/dOBYiUdThY39sk/bY=",
      "dev": true
    },
    "array-unique": {
      "version": "0.2.1",
      "resolved": "https://registry.npmjs.org/array-unique/-/array-unique-0.2.1.tgz",
      "integrity": "sha1-odl8yvy8JiXMcPrc6zalDFiwGlM=",
      "dev": true
    },
    "arrify": {
      "version": "1.0.1",
      "resolved": "https://registry.npmjs.org/arrify/-/arrify-1.0.1.tgz",
      "integrity": "sha1-iYUI2iIm84DfkEcoRWhJwVAaSw0=",
      "dev": true
    },
    "asap": {
      "version": "2.0.5",
      "resolved": "https://registry.npmjs.org/asap/-/asap-2.0.5.tgz",
      "integrity": "sha1-UidltQw1EEkOUtfc/ghe+bqWlY8=",
      "dev": true
    },
    "assert": {
      "version": "1.4.1",
      "resolved": "https://registry.npmjs.org/assert/-/assert-1.4.1.tgz",
      "integrity": "sha1-mZEtWRg2tab1s0XA8H7vwI/GXZE=",
      "dev": true
    },
    "ast-types-flow": {
      "version": "0.0.7",
      "resolved": "https://registry.npmjs.org/ast-types-flow/-/ast-types-flow-0.0.7.tgz",
      "integrity": "sha1-9wtzXGvKGlycItmCw+Oef+ujva0=",
      "dev": true
    },
    "axobject-query": {
      "version": "0.1.0",
      "resolved": "https://registry.npmjs.org/axobject-query/-/axobject-query-0.1.0.tgz",
      "integrity": "sha1-YvWdvFnJ+SQnWco0mWDnov48NsA=",
      "dev": true
    },
    "babel-code-frame": {
      "version": "6.22.0",
      "resolved": "https://registry.npmjs.org/babel-code-frame/-/babel-code-frame-6.22.0.tgz",
      "integrity": "sha1-AnYgvuVnqIwyVhV05/0IAdMxGOQ=",
      "dev": true
    },
    "babel-core": {
      "version": "6.25.0",
      "resolved": "https://registry.npmjs.org/babel-core/-/babel-core-6.25.0.tgz",
      "integrity": "sha1-fdQrBGPHQunVKW3rPsZ6kyLa1yk=",
      "dev": true
    },
    "babel-eslint": {
      "version": "7.2.3",
      "resolved": "https://registry.npmjs.org/babel-eslint/-/babel-eslint-7.2.3.tgz",
      "integrity": "sha1-sv4tgBJkcPXBlELcdXJTqJdxCCc=",
      "dev": true
    },
    "babel-generator": {
      "version": "6.25.0",
      "resolved": "https://registry.npmjs.org/babel-generator/-/babel-generator-6.25.0.tgz",
      "integrity": "sha1-M6GvcNXyiQrrRlpKd5PB32qeqfw=",
      "dev": true
    },
    "babel-helper-bindify-decorators": {
      "version": "6.24.1",
      "resolved": "https://registry.npmjs.org/babel-helper-bindify-decorators/-/babel-helper-bindify-decorators-6.24.1.tgz",
      "integrity": "sha1-FMGeXxQte0fxmlJDHlKxzLxAozA=",
      "dev": true
    },
    "babel-helper-builder-binary-assignment-operator-visitor": {
      "version": "6.24.1",
      "resolved": "https://registry.npmjs.org/babel-helper-builder-binary-assignment-operator-visitor/-/babel-helper-builder-binary-assignment-operator-visitor-6.24.1.tgz",
      "integrity": "sha1-zORReto1b0IgvK6KAsKzRvmlZmQ=",
      "dev": true
    },
    "babel-helper-builder-react-jsx": {
      "version": "6.24.1",
      "resolved": "https://registry.npmjs.org/babel-helper-builder-react-jsx/-/babel-helper-builder-react-jsx-6.24.1.tgz",
      "integrity": "sha1-CteRfjPI11HmRtrKTnfMGTd9LLw=",
      "dev": true
    },
    "babel-helper-call-delegate": {
      "version": "6.24.1",
      "resolved": "https://registry.npmjs.org/babel-helper-call-delegate/-/babel-helper-call-delegate-6.24.1.tgz",
      "integrity": "sha1-7Oaqzdx25Bw0YfiL/Fdb0Nqi340=",
      "dev": true
    },
    "babel-helper-define-map": {
      "version": "6.24.1",
      "resolved": "https://registry.npmjs.org/babel-helper-define-map/-/babel-helper-define-map-6.24.1.tgz",
      "integrity": "sha1-epdH8ljYlH0y1RX2qhx70CIEoIA=",
      "dev": true
    },
    "babel-helper-explode-assignable-expression": {
      "version": "6.24.1",
      "resolved": "https://registry.npmjs.org/babel-helper-explode-assignable-expression/-/babel-helper-explode-assignable-expression-6.24.1.tgz",
      "resolved": "https://registry.npmjs.org/babel-helper-explode-assignable-expression/-/babel-helper-explode-assignable-expression-6.24.1.tgz",
      "integrity": "sha1-8luCz33BBDPFX3BZLVdGQArCLKo=",
      "dev": true
    },
    "babel-helper-explode-class": {
      "version": "6.24.1",
      "resolved": "https://registry.npmjs.org/babel-helper-explode-class/-/babel-helper-explode-class-6.24.1.tgz",
      "integrity": "sha1-fcKjkQ3uAHBW4eMdZAztPVTqqes=",
      "dev": true
    },
    "babel-helper-function-name": {
      "version": "6.24.1",
      "resolved": "https://registry.npmjs.org/babel-helper-function-name/-/babel-helper-function-name-6.24.1.tgz",
            "integrity": "sha1-00dbjAPtmCQqJbSDUasYOZ01gKk=",
      "dev": true
    },
    "babel-helper-get-function-arity": {
      "version": "6.24.1",
      "resolved": "https://registry.npmjs.org/babel-helper-get-function-arity/-/babel-helper-get-function-arity-6.24.1.tgz",
      "integrity": "sha1-j3eCqpNAfEHTqlCQj4mwMbG2hT0=",
      "dev": true
    },
    "babel-helper-hoist-variables": {
      "version": "6.24.1",
      "resolved": "https://registry.npmjs.org/babel-helper-hoist-variables/-/babel-helper-hoist-variables-6.24.1.tgz",
      "integrity": "sha1-HssnaJydJVE+rbyZFKc/VAi+enY=",
      "dev": true
    },
    "babel-helper-optimise-call-expression": {
      "version": "6.24.1",
      "resolved": "https://registry.npmjs.org/babel-helper-optimise-call-expression/-/babel-helper-optimise-call-expression-6.24.1.tgz",
      "integrity": "sha1-96E0J7qfc/j0+pk8VKl4gtEkQlc=",
      "dev": true
    },
    "babel-helper-regex": {
      "version": "6.24.1",
      "resolved": "https://registry.npmjs.org/babel-helper-regex/-/babel-helper-regex-6.24.1.tgz",
      "integrity": "sha1-024i+rEAjXnYhkjjIRaGgShFbOg=",
      "dev": true
    },
    "babel-helper-remap-async-to-generator": {
      "version": "6.24.1",
      "resolved": "https://registry.npmjs.org/babel-helper-remap-async-to-generator/-/babel-helper-remap-async-to-generator-6.24.1.tgz",
      "integrity": "sha1-XsWBgnrXI/7N04HxySg5BnbkVRs=",
      "dev": true
    },
    "babel-helper-replace-supers": {
      "version": "6.24.1",
      "resolved": "https://registry.npmjs.org/babel-helper-replace-supers/-/babel-helper-replace-supers-6.24.1.tgz",
      "integrity": "sha1-v22/5Dk40XNpohPKiov3S2qQqxo=",
      "dev": true
    },
    "babel-helpers": {
      "version": "6.24.1",
      "resolved": "https://registry.npmjs.org/babel-helpers/-/babel-helpers-6.24.1.tgz",
      "integrity": "sha1-NHHenK7DiOXIUOWX5Yom3fN2ArI=",
      "dev": true
    },
    "babel-jest": {
      "version": "20.0.3",
      "resolved": "https://registry.npmjs.org/babel-jest/-/babel-jest-20.0.3.tgz",
      "integrity": "sha1-5KA7E9wQOJ4UD8ZF0J/8TO0wFnE=",
      "dev": true
    },
    "babel-messages": {
      "version": "6.23.0",
      "resolved": "https://registry.npmjs.org/babel-messages/-/babel-messages-6.23.0.tgz",
      "integrity": "sha1-8830cDhYA1sqKVHG7F7fbGLyYw4=",
      "dev": true
    },
    "babel-plugin-check-es2015-constants": {
      "version": "6.22.0",
      "resolved": "https://registry.npmjs.org/babel-plugin-check-es2015-constants/-/babel-plugin-check-es2015-constants-6.22.0.tgz",
      "integrity": "sha1-NRV7EBQm/S/9PaP3XH0ekYNbv4o=",
      "dev": true
    },
    "babel-plugin-istanbul": {
      "version": "4.1.4",
      "resolved": "https://registry.npmjs.org/babel-plugin-istanbul/-/babel-plugin-istanbul-4.1.4.tgz",
      "integrity": "sha1-GN3oS/POMp/d8/QQP66SFFbY5Yc=",
      "dev": true
    },
    "babel-plugin-jest-hoist": {
      "version": "20.0.3",
      "resolved": "https://registry.npmjs.org/babel-plugin-jest-hoist/-/babel-plugin-jest-hoist-20.0.3.tgz",
      "integrity": "sha1-r+3IU70/jcNUjqZx++adA8wsF2c=",
      "dev": true
    },
    "babel-plugin-syntax-async-functions": {
      "version": "6.13.0",
      "resolved": "https://registry.npmjs.org/babel-plugin-syntax-async-functions/-/babel-plugin-syntax-async-functions-6.13.0.tgz",
      "integrity": "sha1-ytnK0RkbWtY0vzCuCHI5HgZHvpU=",
      "dev": true
    },
    "babel-plugin-syntax-async-generators": {
      "version": "6.13.0",
      "resolved": "https://registry.npmjs.org/babel-plugin-syntax-async-generators/-/babel-plugin-syntax-async-generators-6.13.0.tgz",
      "integrity": "sha1-a8lj67FuzLrmuStZbrfzXDQqi5o=",
      "dev": true
    },
    "babel-plugin-syntax-class-constructor-call": {
      "version": "6.18.0",
      "resolved": "https://registry.npmjs.org/babel-plugin-syntax-class-constructor-call/-/babel-plugin-syntax-class-constructor-call-6.18.0.tgz",
      "integrity": "sha1-nLnTn+Q8hgC+yBRkVt3L1OGnZBY=",
      "dev": true
    },
    "babel-plugin-syntax-class-properties": {
      "version": "6.13.0",
      "resolved": "https://registry.npmjs.org/babel-plugin-syntax-class-properties/-/babel-plugin-syntax-class-properties-6.13.0.tgz",
      "integrity": "sha1-1+sjt5oxf4VDlixQW4J8fWysJ94=",
