{
  "name": "web3-redux",
  "version": "0.5.0",
  "lockfileVersion": 1,
  "dependencies": {
"acorn": {
      "version": "5.0.3",
"resolved": "https://registry.npmjs.org/acorn/-/acorn-5.0.3.tgz",
      "integrity": "sha1-xGDfCEkUY/AozLguqzcwvwEIez0=",
      "dev": true
    },
    "acorn-jsx": {
      "version": "3.0.1",
